
Microsoft Visual Studio Solution File, Format Version 12.00
# Visual Studio Version 16
VisualStudioVersion = 16.0.29709.97
MinimumVisualStudioVersion = 10.0.40219.1
Project("{FAE04EC0-301F-11D3-BF4B-00C04F79EFBC}") = "ContosoUniversity", "ContosoUniversity\ContosoUniversity.csproj", "{E82A23EE-B22D-4DD9-921B-8FB9BD5A5E5D}"
EndProject
Project("{9A19103F-16F7-4668-BE54-9A1E7A4F7556}") = "RazorPagesMovie", "..\Kodutöö 2. nädal\Kodutöö1\RazorPagesMovie.csproj", "{CC73D49C-5411-40AB-8E88-91A90D342A2E}"
EndProject
Project("{2150E333-8FDC-42A3-9474-1A3956D46DE8}") = "Stuff", "Stuff", "{026C1655-99A6-42D5-8A47-EE289AD45D83}"
	ProjectSection(SolutionItems) = preProject
		..\Kodutöö 2. nädal\Time recording log.xlsx = ..\Kodutöö 2. nädal\Time recording log.xlsx
	EndProjectSection
EndProject
Global
	GlobalSection(SolutionConfigurationPlatforms) = preSolution
		Debug|Any CPU = Debug|Any CPU
		Release|Any CPU = Release|Any CPU
	EndGlobalSection
	GlobalSection(ProjectConfigurationPlatforms) = postSolution
		{E82A23EE-B22D-4DD9-921B-8FB9BD5A5E5D}.Debug|Any CPU.ActiveCfg = Debug|Any CPU
		{E82A23EE-B22D-4DD9-921B-8FB9BD5A5E5D}.Debug|Any CPU.Build.0 = Debug|Any CPU
		{E82A23EE-B22D-4DD9-921B-8FB9BD5A5E5D}.Release|Any CPU.ActiveCfg = Release|Any CPU
		{E82A23EE-B22D-4DD9-921B-8FB9BD5A5E5D}.Release|Any CPU.Build.0 = Release|Any CPU
		{CC73D49C-5411-40AB-8E88-91A90D342A2E}.Debug|Any CPU.ActiveCfg = Debug|Any CPU
		{CC73D49C-5411-40AB-8E88-91A90D342A2E}.Debug|Any CPU.Build.0 = Debug|Any CPU
		{CC73D49C-5411-40AB-8E88-91A90D342A2E}.Release|Any CPU.ActiveCfg = Release|Any CPU
		{CC73D49C-5411-40AB-8E88-91A90D342A2E}.Release|Any CPU.Build.0 = Release|Any CPU
	EndGlobalSection
	GlobalSection(SolutionProperties) = preSolution
		HideSolutionNode = FALSE
	EndGlobalSection
	GlobalSection(ExtensibilityGlobals) = postSolution
		SolutionGuid = {A38D6520-6A1F-4566-8B18-566A028AA582}
	EndGlobalSection
EndGlobal
